
Microsoft Visual Studio Solution File, Format Version 12.00
# Visual Studio Version 16
VisualStudioVersion = 16.0.28922.388
MinimumVisualStudioVersion = 10.0.40219.1
Project("{FAE04EC0-301F-11D3-BF4B-00C04F79EFBC}") = "OpenVote.Android", "mobileapp\xamarin\OpenVote.Android\OpenVote.Android.csproj", "{1C046FD4-78A4-43C2-8978-D653FCB98A75}"
	ProjectSection(ProjectDependencies) = postProject
		{E7A58324-891E-4C68-BA1B-2B402C448EC2} = {E7A58324-891E-4C68-BA1B-2B402C448EC2}
	EndProjectSection
EndProject
Project("{FAE04EC0-301F-11D3-BF4B-00C04F79EFBC}") = "OpenVote.iOS", "mobileapp\xamarin\OpenVote.iOS\OpenVote.iOS.csproj", "{D441E48A-6E1A-4D94-A27E-5EDE1562D89A}"
EndProject
Project("{9A19103F-16F7-4668-BE54-9A1E7A4F7556}") = "OpenVote.Shared", "shared.net\OpenVote.Shared.csproj", "{CE4832E6-9B4B-4772-BA3E-DCC67C7E2F6D}"
EndProject
Project("{9A19103F-16F7-4668-BE54-9A1E7A4F7556}") = "OpenVote.Forms", "mobileapp\xamarin\OpenVote.Forms\OpenVote.Forms.csproj", "{E7A58324-891E-4C68-BA1B-2B402C448EC2}"
EndProject
Project("{9A19103F-16F7-4668-BE54-9A1E7A4F7556}") = "OpenVote.Web.Server", "webapp\asp.net\OpenVote.Web.Server\OpenVote.Web.Server.csproj", "{6A8C697D-939C-4187-9C2C-D545DD45F729}"
EndProject
Project("{9A19103F-16F7-4668-BE54-9A1E7A4F7556}") = "OpenVote.Web.Client", "webapp\asp.net\OpenVote.Web.Client\OpenVote.Web.Client.csproj", "{17717EE0-57C5-49D0-88DC-37EE95FD5BA8}"
EndProject
Project("{9A19103F-16F7-4668-BE54-9A1E7A4F7556}") = "OpenVote.Web.Shared", "webapp\asp.net\OpenVote.Web.Shared\OpenVote.Web.Shared.csproj", "{061AAB2F-BE67-453B-AF92-3E3CE3601EE7}"
EndProject
Global
	GlobalSection(SolutionConfigurationPlatforms) = preSolution
		Ad-Hoc|Any CPU = Ad-Hoc|Any CPU
		Ad-Hoc|iPhone = Ad-Hoc|iPhone
		Ad-Hoc|iPhoneSimulator = Ad-Hoc|iPhoneSimulator
		AppStore|Any CPU = AppStore|Any CPU
		AppStore|iPhone = AppStore|iPhone
		AppStore|iPhoneSimulator = AppStore|iPhoneSimulator
		Debug|Any CPU = Debug|Any CPU
		Debug|iPhone = Debug|iPhone
		Debug|iPhoneSimulator = Debug|iPhoneSimulator
		Release|Any CPU = Release|Any CPU
		Release|iPhone = Release|iPhone
		Release|iPhoneSimulator = Release|iPhoneSimulator
	EndGlobalSection
	GlobalSection(ProjectConfigurationPlatforms) = postSolution
		{1C046FD4-78A4-43C2-8978-D653FCB98A75}.Ad-Hoc|Any CPU.ActiveCfg = Release|Any CPU
		{1C046FD4-78A4-43C2-8978-D653FCB98A75}.Ad-Hoc|Any CPU.Build.0 = Release|Any CPU
		{1C046FD4-78A4-43C2-8978-D653FCB98A75}.Ad-Hoc|Any CPU.Deploy.0 = Release|Any CPU
		{1C046FD4-78A4-43C2-8978-D653FCB98A75}.Ad-Hoc|iPhone.ActiveCfg = Release|Any CPU
		{1C046FD4-78A4-43C2-8978-D653FCB98A75}.Ad-Hoc|iPhone.Build.0 = Release|Any CPU
		{1C046FD4-78A4-43C2-8978-D653FCB98A75}.Ad-Hoc|iPhone.Deploy.0 = Release|Any CPU
		{1C046FD4-78A4-43C2-8978-D653FCB98A75}.Ad-Hoc|iPhoneSimulator.ActiveCfg = Release|Any CPU
		{1C046FD4-78A4-43C2-8978-D653FCB98A75}.Ad-Hoc|iPhoneSimulator.Build.0 = Release|Any CPU
		{1C046FD4-78A4-43C2-8978-D653FCB98A75}.Ad-Hoc|iPhoneSimulator.Deploy.0 = Release|Any CPU
		{1C046FD4-78A4-43C2-8978-D653FCB98A75}.AppStore|Any CPU.ActiveCfg = Release|Any CPU
		{1C046FD4-78A4-43C2-8978-D653FCB98A75}.AppStore|Any CPU.Build.0 = Release|Any CPU
		{1C046FD4-78A4-43C2-8978-D653FCB98A75}.AppStore|Any CPU.Deploy.0 = Release|Any CPU
		{1C046FD4-78A4-43C2-8978-D653FCB98A75}.AppStore|iPhone.ActiveCfg = Release|Any CPU
		{1C046FD4-78A4-43C2-8978-D653FCB98A75}.AppStore|iPhone.Build.0 = Release|Any CPU
		{1C046FD4-78A4-43C2-8978-D653FCB98A75}.AppStore|iPhone.Deploy.0 = Release|Any CPU
		{1C046FD4-78A4-43C2-8978-D653FCB98A75}.AppStore|iPhoneSimulator.ActiveCfg = Release|Any CPU
		{1C046FD4-78A4-43C2-8978-D653FCB98A75}.AppStore|iPhoneSimulator.Build.0 = Release|Any CPU
		{1C046FD4-78A4-43C2-8978-D653FCB98A75}.AppStore|iPhoneSimulator.Deploy.0 = Release|Any CPU
		{1C046FD4-78A4-43C2-8978-D653FCB98A75}.Debug|Any CPU.ActiveCfg = Debug|Any CPU
		{1C046FD4-78A4-43C2-8978-D653FCB98A75}.Debug|Any CPU.Build.0 = Debug|Any CPU
		{1C046FD4-78A4-43C2-8978-D653FCB98A75}.Debug|Any CPU.Deploy.0 = Debug|Any CPU
		{1C046FD4-78A4-43C2-8978-D653FCB98A75}.Debug|iPhone.ActiveCfg = Debug|Any CPU
		{1C046FD4-78A4-43C2-8978-D653FCB98A75}.Debug|iPhone.Build.0 = Debug|Any CPU
		{1C046FD4-78A4-43C2-8978-D653FCB98A75}.Debug|iPhone.Deploy.0 = Debug|Any CPU
		{1C046FD4-78A4-43C2-8978-D653FCB98A75}.Debug|iPhoneSimulator.ActiveCfg = Debug|Any CPU
		{1C046FD4-78A4-43C2-8978-D653FCB98A75}.Debug|iPhoneSimulator.Build.0 = Debug|Any CPU
		{1C046FD4-78A4-43C2-8978-D653FCB98A75}.Debug|iPhoneSimulator.Deploy.0 = Debug|Any CPU
		{1C046FD4-78A4-43C2-8978-D653FCB98A75}.Release|Any CPU.ActiveCfg = Release|Any CPU
		{1C046FD4-78A4-43C2-8978-D653FCB98A75}.Release|Any CPU.Build.0 = Release|Any CPU
		{1C046FD4-78A4-43C2-8978-D653FCB98A75}.Release|Any CPU.Deploy.0 = Release|Any CPU
		{1C046FD4-78A4-43C2-8978-D653FCB98A75}.Release|iPhone.ActiveCfg = Release|Any CPU
		{1C046FD4-78A4-43C2-8978-D653FCB98A75}.Release|iPhone.Build.0 = Release|Any CPU
		{1C046FD4-78A4-43C2-8978-D653FCB98A75}.Release|iPhone.Deploy.0 = Release|Any CPU
		{1C046FD4-78A4-43C2-8978-D653FCB98A75}.Release|iPhoneSimulator.ActiveCfg = Release|Any CPU
		{1C046FD4-78A4-43C2-8978-D653FCB98A75}.Release|iPhoneSimulator.Build.0 = Release|Any CPU
		{1C046FD4-78A4-43C2-8978-D653FCB98A75}.Release|iPhoneSimulator.Deploy.0 = Release|Any CPU
		{D441E48A-6E1A-4D94-A27E-5EDE1562D89A}.Ad-Hoc|Any CPU.ActiveCfg = Ad-Hoc|iPhone
		{D441E48A-6E1A-4D94-A27E-5EDE1562D89A}.Ad-Hoc|iPhone.ActiveCfg = Ad-Hoc|iPhone
		{D441E48A-6E1A-4D94-A27E-5EDE1562D89A}.Ad-Hoc|iPhone.Build.0 = Ad-Hoc|iPhone
		{D441E48A-6E1A-4D94-A27E-5EDE1562D89A}.Ad-Hoc|iPhoneSimulator.ActiveCfg = Ad-Hoc|iPhoneSimulator
		{D441E48A-6E1A-4D94-A27E-5EDE1562D89A}.Ad-Hoc|iPhoneSimulator.Build.0 = Ad-Hoc|iPhoneSimulator
		{D441E48A-6E1A-4D94-A27E-5EDE1562D89A}.AppStore|Any CPU.ActiveCfg = AppStore|iPhone
		{D441E48A-6E1A-4D94-A27E-5EDE1562D89A}.AppStore|iPhone.ActiveCfg = AppStore|iPhone
		{D441E48A-6E1A-4D94-A27E-5EDE1562D89A}.AppStore|iPhone.Build.0 = AppStore|iPhone
		{D441E48A-6E1A-4D94-A27E-5EDE1562D89A}.AppStore|iPhoneSimulator.ActiveCfg = AppStore|iPhoneSimulator
		{D441E48A-6E1A-4D94-A27E-5EDE1562D89A}.AppStore|iPhoneSimulator.Build.0 = AppStore|iPhoneSimulator
		{D441E48A-6E1A-4D94-A27E-5EDE1562D89A}.Debug|Any CPU.ActiveCfg = Debug|iPhone
		{D441E48A-6E1A-4D94-A27E-5EDE1562D89A}.Debug|iPhone.ActiveCfg = Debug|iPhone
		{D441E48A-6E1A-4D94-A27E-5EDE1562D89A}.Debug|iPhone.Build.0 = Debug|iPhone
		{D441E48A-6E1A-4D94-A27E-5EDE1562D89A}.Debug|iPhoneSimulator.ActiveCfg = Debug|iPhoneSimulator
		{D441E48A-6E1A-4D94-A27E-5EDE1562D89A}.Debug|iPhoneSimulator.Build.0 = Debug|iPhoneSimulator
		{D441E48A-6E1A-4D94-A27E-5EDE1562D89A}.Release|Any CPU.ActiveCfg = Release|iPhone
		{D441E48A-6E1A-4D94-A27E-5EDE1562D89A}.Release|iPhone.ActiveCfg = Release|iPhone
		{D441E48A-6E1A-4D94-A27E-5EDE1562D89A}.Release|iPhone.Build.0 = Release|iPhone
		{D441E48A-6E1A-4D94-A27E-5EDE1562D89A}.Release|iPhoneSimulator.ActiveCfg = Release|iPhoneSimulator
		{D441E48A-6E1A-4D94-A27E-5EDE1562D89A}.Release|iPhoneSimulator.Build.0 = Release|iPhoneSimulator
		{CE4832E6-9B4B-4772-BA3E-DCC67C7E2F6D}.Ad-Hoc|Any CPU.ActiveCfg = Debug|Any CPU
		{CE4832E6-9B4B-4772-BA3E-DCC67C7E2F6D}.Ad-Hoc|Any CPU.Build.0 = Debug|Any CPU
		{CE4832E6-9B4B-4772-BA3E-DCC67C7E2F6D}.Ad-Hoc|iPhone.ActiveCfg = Debug|Any CPU
		{CE4832E6-9B4B-4772-BA3E-DCC67C7E2F6D}.Ad-Hoc|iPhone.Build.0 = Debug|Any CPU
		{CE4832E6-9B4B-4772-BA3E-DCC67C7E2F6D}.Ad-Hoc|iPhoneSimulator.ActiveCfg = Debug|Any CPU
		{CE4832E6-9B4B-4772-BA3E-DCC67C7E2F6D}.Ad-Hoc|iPhoneSimulator.Build.0 = Debug|Any CPU
		{CE4832E6-9B4B-4772-BA3E-DCC67C7E2F6D}.AppStore|Any CPU.ActiveCfg = Debug|Any CPU
		{CE4832E6-9B4B-4772-BA3E-DCC67C7E2F6D}.AppStore|Any CPU.Build.0 = Debug|Any CPU
		{CE4832E6-9B4B-4772-BA3E-DCC67C7E2F6D}.AppStore|iPhone.ActiveCfg = Debug|Any CPU
		{CE4832E6-9B4B-4772-BA3E-DCC67C7E2F6D}.AppStore|iPhone.Build.0 = Debug|Any CPU
		{CE4832E6-9B4B-4772-BA3E-DCC67C7E2F6D}.AppStore|iPhoneSimulator.ActiveCfg = Debug|Any CPU
		{CE4832E6-9B4B-4772-BA3E-DCC67C7E2F6D}.AppStore|iPhoneSimulator.Build.0 = Debug|Any CPU
		{CE4832E6-9B4B-4772-BA3E-DCC67C7E2F6D}.Debug|Any CPU.ActiveCfg = Debug|Any CPU
		{CE4832E6-9B4B-4772-BA3E-DCC67C7E2F6D}.Debug|Any CPU.Build.0 = Debug|Any CPU
		{CE4832E6-9B4B-4772-BA3E-DCC67C7E2F6D}.Debug|iPhone.ActiveCfg = Debug|Any CPU
		{CE4832E6-9B4B-4772-BA3E-DCC67C7E2F6D}.Debug|iPhone.Build.0 = Debug|Any CPU
		{CE4832E6-9B4B-4772-BA3E-DCC67C7E2F6D}.Debug|iPhoneSimulator.ActiveCfg = Debug|Any CPU
		{CE4832E6-9B4B-4772-BA3E-DCC67C7E2F6D}.Debug|iPhoneSimulator.Build.0 = Debug|Any CPU
		{CE4832E6-9B4B-4772-BA3E-DCC67C7E2F6D}.Release|Any CPU.ActiveCfg = Release|Any CPU
		{CE4832E6-9B4B-4772-BA3E-DCC67C7E2F6D}.Release|Any CPU.Build.0 = Release|Any CPU
		{CE4832E6-9B4B-4772-BA3E-DCC67C7E2F6D}.Release|iPhone.ActiveCfg = Release|Any CPU
		{CE4832E6-9B4B-4772-BA3E-DCC67C7E2F6D}.Release|iPhone.Build.0 = Release|Any CPU
		{CE4832E6-9B4B-4772-BA3E-DCC67C7E2F6D}.Release|iPhoneSimulator.ActiveCfg = Release|Any CPU
		{CE4832E6-9B4B-4772-BA3E-DCC67C7E2F6D}.Release|iPhoneSimulator.Build.0 = Release|Any CPU
		{E7A58324-891E-4C68-BA1B-2B402C448EC2}.Ad-Hoc|Any CPU.ActiveCfg = Debug|Any CPU
		{E7A58324-891E-4C68-BA1B-2B402C448EC2}.Ad-Hoc|Any CPU.Build.0 = Debug|Any CPU
		{E7A58324-891E-4C68-BA1B-2B402C448EC2}.Ad-Hoc|iPhone.ActiveCfg = Debug|Any CPU
		{E7A58324-891E-4C68-BA1B-2B402C448EC2}.Ad-Hoc|iPhone.Build.0 = Debug|Any CPU
		{E7A58324-891E-4C68-BA1B-2B402C448EC2}.Ad-Hoc|iPhoneSimulator.ActiveCfg = Debug|Any CPU
		{E7A58324-891E-4C68-BA1B-2B402C448EC2}.Ad-Hoc|iPhoneSimulator.Build.0 = Debug|Any CPU
		{E7A58324-891E-4C68-BA1B-2B402C448EC2}.AppStore|Any CPU.ActiveCfg = Debug|Any CPU
		{E7A58324-891E-4C68-BA1B-2B402C448EC2}.AppStore|Any CPU.Build.0 = Debug|Any CPU
		{E7A58324-891E-4C68-BA1B-2B402C448EC2}.AppStore|iPhone.ActiveCfg = Debug|Any CPU
		{E7A58324-891E-4C68-BA1B-2B402C448EC2}.AppStore|iPhone.Build.0 = Debug|Any CPU
		{E7A58324-891E-4C68-BA1B-2B402C448EC2}.AppStore|iPhoneSimulator.ActiveCfg = Debug|Any CPU
		{E7A58324-891E-4C68-BA1B-2B402C448EC2}.AppStore|iPhoneSimulator.Build.0 = Debug|Any CPU
		{E7A58324-891E-4C68-BA1B-2B402C448EC2}.Debug|Any CPU.ActiveCfg = Debug|Any CPU
		{E7A58324-891E-4C68-BA1B-2B402C448EC2}.Debug|Any CPU.Build.0 = Debug|Any CPU
		{E7A58324-891E-4C68-BA1B-2B402C448EC2}.Debug|iPhone.ActiveCfg = Debug|Any CPU
		{E7A58324-891E-4C68-BA1B-2B402C448EC2}.Debug|iPhone.Build.0 = Debug|Any CPU
		{E7A58324-891E-4C68-BA1B-2B402C448EC2}.Debug|iPhoneSimulator.ActiveCfg = Debug|Any CPU
		{E7A58324-891E-4C68-BA1B-2B402C448EC2}.Debug|iPhoneSimulator.Build.0 = Debug|Any CPU
		{E7A58324-891E-4C68-BA1B-2B402C448EC2}.Release|Any CPU.ActiveCfg = Release|Any CPU
		{E7A58324-891E-4C68-BA1B-2B402C448EC2}.Release|Any CPU.Build.0 = Release|Any CPU
		{E7A58324-891E-4C68-BA1B-2B402C448EC2}.Release|iPhone.ActiveCfg = Release|Any CPU
		{E7A58324-891E-4C68-BA1B-2B402C448EC2}.Release|iPhone.Build.0 = Release|Any CPU
		{E7A58324-891E-4C68-BA1B-2B402C448EC2}.Release|iPhoneSimulator.ActiveCfg = Release|Any CPU
		{E7A58324-891E-4C68-BA1B-2B402C448EC2}.Release|iPhoneSimulator.Build.0 = Release|Any CPU
		{6A8C697D-939C-4187-9C2C-D545DD45F729}.Ad-Hoc|Any CPU.ActiveCfg = Debug|Any CPU
		{6A8C697D-939C-4187-9C2C-D545DD45F729}.Ad-Hoc|Any CPU.Build.0 = Debug|Any CPU
		{6A8C697D-939C-4187-9C2C-D545DD45F729}.Ad-Hoc|iPhone.ActiveCfg = Debug|Any CPU
		{6A8C697D-939C-4187-9C2C-D545DD45F729}.Ad-Hoc|iPhone.Build.0 = Debug|Any CPU
		{6A8C697D-939C-4187-9C2C-D545DD45F729}.Ad-Hoc|iPhoneSimulator.ActiveCfg = Debug|Any CPU
		{6A8C697D-939C-4187-9C2C-D545DD45F729}.Ad-Hoc|iPhoneSimulator.Build.0 = Debug|Any CPU
		{6A8C697D-939C-4187-9C2C-D545DD45F729}.AppStore|Any CPU.ActiveCfg = Debug|Any CPU
		{6A8C697D-939C-4187-9C2C-D545DD45F729}.AppStore|Any CPU.Build.0 = Debug|Any CPU
		{6A8C697D-939C-4187-9C2C-D545DD45F729}.AppStore|iPhone.ActiveCfg = Debug|Any CPU
		{6A8C697D-939C-4187-9C2C-D545DD45F729}.AppStore|iPhone.Build.0 = Debug|Any CPU
		{6A8C697D-939C-4187-9C2C-D545DD45F729}.AppStore|iPhoneSimulator.ActiveCfg = Debug|Any CPU
		{6A8C697D-939C-4187-9C2C-D545DD45F729}.AppStore|iPhoneSimulator.Build.0 = Debug|Any CPU
		{6A8C697D-939C-4187-9C2C-D545DD45F729}.Debug|Any CPU.ActiveCfg = Debug|Any CPU
		{6A8C697D-939C-4187-9C2C-D545DD45F729}.Debug|Any CPU.Build.0 = Debug|Any CPU
		{6A8C697D-939C-4187-9C2C-D545DD45F729}.Debug|iPhone.ActiveCfg = Debug|Any CPU
		{6A8C697D-939C-4187-9C2C-D545DD45F729}.Debug|iPhone.Build.0 = Debug|Any CPU
		{6A8C697D-939C-4187-9C2C-D545DD45F729}.Debug|iPhoneSimulator.ActiveCfg = Debug|Any CPU
		{6A8C697D-939C-4187-9C2C-D545DD45F729}.Debug|iPhoneSimulator.Build.0 = Debug|Any CPU
		{6A8C697D-939C-4187-9C2C-D545DD45F729}.Release|Any CPU.ActiveCfg = Release|Any CPU
		{6A8C697D-939C-4187-9C2C-D545DD45F729}.Release|Any CPU.Build.0 = Release|Any CPU
		{6A8C697D-939C-4187-9C2C-D545DD45F729}.Release|iPhone.ActiveCfg = Release|Any CPU
		{6A8C697D-939C-4187-9C2C-D545DD45F729}.Release|iPhone.Build.0 = Release|Any CPU
		{6A8C697D-939C-4187-9C2C-D545DD45F729}.Release|iPhoneSimulator.ActiveCfg = Release|Any CPU
		{6A8C697D-939C-4187-9C2C-D545DD45F729}.Release|iPhoneSimulator.Build.0 = Release|Any CPU
		{17717EE0-57C5-49D0-88DC-37EE95FD5BA8}.Ad-Hoc|Any CPU.ActiveCfg = Debug|Any CPU
		{17717EE0-57C5-49D0-88DC-37EE95FD5BA8}.Ad-Hoc|Any CPU.Build.0 = Debug|Any CPU
		{17717EE0-57C5-49D0-88DC-37EE95FD5BA8}.Ad-Hoc|iPhone.ActiveCfg = Debug|Any CPU
		{17717EE0-57C5-49D0-88DC-37EE95FD5BA8}.Ad-Hoc|iPhone.Build.0 = Debug|Any CPU
		{17717EE0-57C5-49D0-88DC-37EE95FD5BA8}.Ad-Hoc|iPhoneSimulator.ActiveCfg = Debug|Any CPU
		{17717EE0-57C5-49D0-88DC-37EE95FD5BA8}.Ad-Hoc|iPhoneSimulator.Build.0 = Debug|Any CPU
		{17717EE0-57C5-49D0-88DC-37EE95FD5BA8}.AppStore|Any CPU.ActiveCfg = Debug|Any CPU
		{17717EE0-57C5-49D0-88DC-37EE95FD5BA8}.AppStore|Any CPU.Build.0 = Debug|Any CPU
		{17717EE0-57C5-49D0-88DC-37EE95FD5BA8}.AppStore|iPhone.ActiveCfg = Debug|Any CPU
		{17717EE0-57C5-49D0-88DC-37EE95FD5BA8}.AppStore|iPhone.Build.0 = Debug|Any CPU
		{17717EE0-57C5-49D0-88DC-37EE95FD5BA8}.AppStore|iPhoneSimulator.ActiveCfg = Debug|Any CPU
		{17717EE0-57C5-49D0-88DC-37EE95FD5BA8}.AppStore|iPhoneSimulator.Build.0 = Debug|Any CPU
		{17717EE0-57C5-49D0-88DC-37EE95FD5BA8}.Debug|Any CPU.ActiveCfg = Debug|Any CPU
		{17717EE0-57C5-49D0-88DC-37EE95FD5BA8}.Debug|Any CPU.Build.0 = Debug|Any CPU
		{17717EE0-57C5-49D0-88DC-37EE95FD5BA8}.Debug|iPhone.ActiveCfg = Debug|Any CPU
		{17717EE0-57C5-49D0-88DC-37EE95FD5BA8}.Debug|iPhone.Build.0 = Debug|Any CPU
		{17717EE0-57C5-49D0-88DC-37EE95FD5BA8}.Debug|iPhoneSimulator.ActiveCfg = Debug|Any CPU
		{17717EE0-57C5-49D0-88DC-37EE95FD5BA8}.Debug|iPhoneSimulator.Build.0 = Debug|Any CPU
		{17717EE0-57C5-49D0-88DC-37EE95FD5BA8}.Release|Any CPU.ActiveCfg = Release|Any CPU
		{17717EE0-57C5-49D0-88DC-37EE95FD5BA8}.Release|Any CPU.Build.0 = Release|Any CPU
		{17717EE0-57C5-49D0-88DC-37EE95FD5BA8}.Release|iPhone.ActiveCfg = Release|Any CPU
		{17717EE0-57C5-49D0-88DC-37EE95FD5BA8}.Release|iPhone.Build.0 = Release|Any CPU
		{17717EE0-57C5-49D0-88DC-37EE95FD5BA8}.Release|iPhoneSimulator.ActiveCfg = Release|Any CPU
		{17717EE0-57C5-49D0-88DC-37EE95FD5BA8}.Release|iPhoneSimulator.Build.0 = Release|Any CPU
		{061AAB2F-BE67-453B-AF92-3E3CE3601EE7}.Ad-Hoc|Any CPU.ActiveCfg = Debug|Any CPU
		{061AAB2F-BE67-453B-AF92-3E3CE3601EE7}.Ad-Hoc|Any CPU.Build.0 = Debug|Any CPU
		{061AAB2F-BE67-453B-AF92-3E3CE3601EE7}.Ad-Hoc|iPhone.ActiveCfg = Debug|Any CPU
		{061AAB2F-BE67-453B-AF92-3E3CE3601EE7}.Ad-Hoc|iPhone.Build.0 = Debug|Any CPU
		{061AAB2F-BE67-453B-AF92-3E3CE3601EE7}.Ad-Hoc|iPhoneSimulator.ActiveCfg = Debug|Any CPU
		{061AAB2F-BE67-453B-AF92-3E3CE3601EE7}.Ad-Hoc|iPhoneSimulator.Build.0 = Debug|Any CPU
		{061AAB2F-BE67-453B-AF92-3E3CE3601EE7}.AppStore|Any CPU.ActiveCfg = Debug|Any CPU
		{061AAB2F-BE67-453B-AF92-3E3CE3601EE7}.AppStore|Any CPU.Build.0 = Debug|Any CPU
		{061AAB2F-BE67-453B-AF92-3E3CE3601EE7}.AppStore|iPhone.ActiveCfg = Debug|Any CPU
		{061AAB2F-BE67-453B-AF92-3E3CE3601EE7}.AppStore|iPhone.Build.0 = Debug|Any CPU
		{061AAB2F-BE67-453B-AF92-3E3CE3601EE7}.AppStore|iPhoneSimulator.ActiveCfg = Debug|Any CPU
		{061AAB2F-BE67-453B-AF92-3E3CE3601EE7}.AppStore|iPhoneSimulator.Build.0 = Debug|Any CPU
		{061AAB2F-BE67-453B-AF92-3E3CE3601EE7}.Debug|Any CPU.ActiveCfg = Debug|Any CPU
		{061AAB2F-BE67-453B-AF92-3E3CE3601EE7}.Debug|Any CPU.Build.0 = Debug|Any CPU
		{061AAB2F-BE67-453B-AF92-3E3CE3601EE7}.Debug|iPhone.ActiveCfg = Debug|Any CPU
		{061AAB2F-BE67-453B-AF92-3E3CE3601EE7}.Debug|iPhone.Build.0 = Debug|Any CPU
		{061AAB2F-BE67-453B-AF92-3E3CE3601EE7}.Debug|iPhoneSimulator.ActiveCfg = Debug|Any CPU
		{061AAB2F-BE67-453B-AF92-3E3CE3601EE7}.Debug|iPhoneSimulator.Build.0 = Debug|Any CPU
		{061AAB2F-BE67-453B-AF92-3E3CE3601EE7}.Release|Any CPU.ActiveCfg = Release|Any CPU
		{061AAB2F-BE67-453B-AF92-3E3CE3601EE7}.Release|Any CPU.Build.0 = Release|Any CPU
		{061AAB2F-BE67-453B-AF92-3E3CE3601EE7}.Release|iPhone.ActiveCfg = Release|Any CPU
		{061AAB2F-BE67-453B-AF92-3E3CE3601EE7}.Release|iPhone.Build.0 = Release|Any CPU
		{061AAB2F-BE67-453B-AF92-3E3CE3601EE7}.Release|iPhoneSimulator.ActiveCfg = Release|Any CPU
		{061AAB2F-BE67-453B-AF92-3E3CE3601EE7}.Release|iPhoneSimulator.Build.0 = Release|Any CPU
	EndGlobalSection
	GlobalSection(SolutionProperties) = preSolution
		HideSolutionNode = FALSE
	EndGlobalSection
	GlobalSection(ExtensibilityGlobals) = postSolution
		SolutionGuid = {C4F6979B-B695-4543-BD17-A40D4BE54905}
	EndGlobalSection
EndGlobal
